
Microsoft Visual Studio Solution File, Format Version 12.00
# Visual Studio Version 16
VisualStudioVersion = 16.0.29709.97
MinimumVisualStudioVersion = 10.0.40219.1
Project("{9A19103F-16F7-4668-BE54-9A1E7A4F7556}") = "todobase", "todobase\todobase.csproj", "{6EC16026-4D27-47A6-B861-0618AE54A6A8}"
EndProject
Project("{FAE04EC0-301F-11D3-BF4B-00C04F79EFBC}") = "todobase.tests", "tests\todobase.tests\todobase.tests.csproj", "{ABC22FFE-42CB-46E3-99E4-9E23153F37A2}"
EndProject
Global
	GlobalSection(SolutionConfigurationPlatforms) = preSolution
		Debug|Any CPU = Debug|Any CPU
		Release|Any CPU = Release|Any CPU
	EndGlobalSection
	GlobalSection(ProjectConfigurationPlatforms) = postSolution
		{6EC16026-4D27-47A6-B861-0618AE54A6A8}.Debug|Any CPU.ActiveCfg = Debug|Any CPU
		{6EC16026-4D27-47A6-B861-0618AE54A6A8}.Debug|Any CPU.Build.0 = Debug|Any CPU
		{6EC16026-4D27-47A6-B861-0618AE54A6A8}.Release|Any CPU.ActiveCfg = Release|Any CPU
		{6EC16026-4D27-47A6-B861-0618AE54A6A8}.Release|Any CPU.Build.0 = Release|Any CPU
		{ABC22FFE-42CB-46E3-99E4-9E23153F37A2}.Debug|Any CPU.ActiveCfg = Debug|Any CPU
		{ABC22FFE-42CB-46E3-99E4-9E23153F37A2}.Debug|Any CPU.Build.0 = Debug|Any CPU
		{ABC22FFE-42CB-46E3-99E4-9E23153F37A2}.Release|Any CPU.ActiveCfg = Release|Any CPU
		{ABC22FFE-42CB-46E3-99E4-9E23153F37A2}.Release|Any CPU.Build.0 = Release|Any CPU
	EndGlobalSection
	GlobalSection(SolutionProperties) = preSolution
		HideSolutionNode = FALSE
	EndGlobalSection
	GlobalSection(ExtensibilityGlobals) = postSolution
		SolutionGuid = {6A774DCF-284D-48E7-9DB4-0B54097BA941}
	EndGlobalSection
EndGlobal
